// !$*UTF8*$!
{
	archiveVersion = 1;
	classes = {
	};
	objectVersion = 50;
	objects = {

/* Begin PBXBuildFile section */
		2758A9C729DD6E2E0022DCD7 /* AppDelegate.swift in Sources */ = {isa = PBXBuildFile; fileRef = 2758A9C629DD6E2E0022DCD7 /* AppDelegate.swift */; };
		2758A9C929DD6E2E0022DCD7 /* SceneDelegate.swift in Sources */ = {isa = PBXBuildFile; fileRef = 2758A9C829DD6E2E0022DCD7 /* SceneDelegate.swift */; };
		2758A9CB29DD6E2E0022DCD7 /* ViewController.swift in Sources */ = {isa = PBXBuildFile; fileRef = 2758A9CA29DD6E2E0022DCD7 /* ViewController.swift */; };
		2758A9CE29DD6E2E0022DCD7 /* Main.storyboard in Resources */ = {isa = PBXBuildFile; fileRef = 2758A9CC29DD6E2E0022DCD7 /* Main.storyboard */; };
		2758A9D029DD6E2F0022DCD7 /* Assets.xcassets in Resources */ = {isa = PBXBuildFile; fileRef = 2758A9CF29DD6E2F0022DCD7 /* Assets.xcassets */; };
		2758A9D329DD6E2F0022DCD7 /* LaunchScreen.storyboard in Resources */ = {isa = PBXBuildFile; fileRef = 2758A9D129DD6E2F0022DCD7 /* LaunchScreen.storyboard */; };
		2758A9DD29DD71500022DCD7 /* Pokemon.swift in Sources */ = {isa = PBXBuildFile; fileRef = 2758A9DC29DD71500022DCD7 /* Pokemon.swift */; };
		2758A9E029DD722C0022DCD7 /* results.swift in Sources */ = {isa = PBXBuildFile; fileRef = 2758A9DF29DD722C0022DCD7 /* results.swift */; };
/* End PBXBuildFile section */

/* Begin PBXFileReference section */
		2758A9C329DD6E2E0022DCD7 /* PokemonDemo.app */ = {isa = PBXFileReference; explicitFileType = wrapper.application; includeInIndex = 0; path = PokemonDemo.app; sourceTree = BUILT_PRODUCTS_DIR; };
		2758A9C629DD6E2E0022DCD7 /* AppDelegate.swift */ = {isa = PBXFileReference; lastKnownFileType = sourcecode.swift; path = AppDelegate.swift; sourceTree = "<group>"; };
		2758A9C829DD6E2E0022DCD7 /* SceneDelegate.swift */ = {isa = PBXFileReference; lastKnownFileType = sourcecode.swift; path = SceneDelegate.swift; sourceTree = "<group>"; };
		2758A9CA29DD6E2E0022DCD7 /* ViewController.swift */ = {isa = PBXFileReference; lastKnownFileType = sourcecode.swift; path = ViewController.swift; sourceTree = "<group>"; };
		2758A9CD29DD6E2E0022DCD7 /* Base */ = {isa = PBXFileReference; lastKnownFileType = file.storyboard; name = Base; path = Base.lproj/Main.storyboard; sourceTree = "<group>"; };
		2758A9CF29DD6E2F0022DCD7 /* Assets.xcassets */ = {isa = PBXFileReference; lastKnownFileType = folder.assetcatalog; path = Assets.xcassets; sourceTree = "<group>"; };
		2758A9D229DD6E2F0022DCD7 /* Base */ = {isa = PBXFileReference; lastKnownFileType = file.storyboard; name = Base; path = Base.lproj/LaunchScreen.storyboard; sourceTree = "<group>"; };
		2758A9D429DD6E2F0022DCD7 /* Info.plist */ = {isa = PBXFileReference; lastKnownFileType = text.plist.xml; path = Info.plist; sourceTree = "<group>"; };
		2758A9DC29DD71500022DCD7 /* Pokemon.swift */ = {isa = PBXFileReference; lastKnownFileType = sourcecode.swift; path = Pokemon.swift; sourceTree = "<group>"; };
		2758A9DF29DD722C0022DCD7 /* results.swift */ = {isa = PBXFileReference; lastKnownFileType = sourcecode.swift; path = results.swift; sourceTree = "<group>"; };
/* End PBXFileReference section */

/* Begin PBXFrameworksBuildPhase section */
		2758A9C029DD6E2E0022DCD7 /* Frameworks */ = {
			isa = PBXFrameworksBuildPhase;
			buildActionMask = 2147483647;
			files = (
			);
			runOnlyForDeploymentPostprocessing = 0;
		};
/* End PBXFrameworksBuildPhase section */

/* Begin PBXGroup section */
		2758A9BA29DD6E2E0022DCD7 = {
			isa = PBXGroup;
			children = (
				2758A9C529DD6E2E0022DCD7 /* PokemonDemo */,
				2758A9C429DD6E2E0022DCD7 /* Products */,
			);
			sourceTree = "<group>";
		};
		2758A9C429DD6E2E0022DCD7 /* Products */ = {
			isa = PBXGroup;
			children = (
				2758A9C329DD6E2E0022DCD7 /* PokemonDemo.app */,
			);
			name = Products;
			sourceTree = "<group>";
		};
		2758A9C529DD6E2E0022DCD7 /* PokemonDemo */ = {
			isa = PBXGroup;
			children = (
				2758A9DB29DD713D0022DCD7 /* Models */,
				2758A9C629DD6E2E0022DCD7 /* AppDelegate.swift */,
				2758A9C829DD6E2E0022DCD7 /* SceneDelegate.swift */,
				2758A9CA29DD6E2E0022DCD7 /* ViewController.swift */,
				2758A9CC29DD6E2E0022DCD7 /* Main.storyboard */,
				2758A9CF29DD6E2F0022DCD7 /* Assets.xcassets */,
				2758A9D129DD6E2F0022DCD7 /* LaunchScreen.storyboard */,
				2758A9D429DD6E2F0022DCD7 /* Info.plist */,
			);
			path = PokemonDemo;
			sourceTree = "<group>";
		};
		2758A9DB29DD713D0022DCD7 /* Models */ = {
			isa = PBXGroup;
			children = (
				2758A9DC29DD71500022DCD7 /* Pokemon.swift */,
				2758A9DF29DD722C0022DCD7 /* results.swift */,
			);
			path = Models;
			sourceTree = "<group>";
		};
/* End PBXGroup section */

/* Begin PBXNativeTarget section */
		2758A9C229DD6E2E0022DCD7 /* PokemonDemo */ = {
			isa = PBXNativeTarget;
			buildConfigurationList = 2758A9D729DD6E2F0022DCD7 /* Build configuration list for PBXNativeTarget "PokemonDemo" */;
			buildPhases = (
				2758A9BF29DD6E2E0022DCD7 /* Sources */,
				2758A9C029DD6E2E0022DCD7 /* Frameworks */,
				2758A9C129DD6E2E0022DCD7 /* Resources */,
			);
			buildRules = (
			);
			dependencies = (
			);
			name = PokemonDemo;
			productName = PokemonDemo;
			productReference = 2758A9C329DD6E2E0022DCD7 /* PokemonDemo.app */;
			productType = "com.apple.product-type.application";
		};
/* End PBXNativeTarget section */

/* Begin PBXProject section */
		2758A9BB29DD6E2E0022DCD7 /* Project object */ = {
			isa = PBXProject;
			attributes = {
				LastSwiftUpdateCheck = 1240;
				LastUpgradeCheck = 1240;
				TargetAttributes = {
					2758A9C229DD6E2E0022DCD7 = {
						CreatedOnToolsVersion = 12.4;
					};
				};
			};
			buildConfigurationList = 2758A9BE29DD6E2E0022DCD7 /* Build configuration list for PBXProject "PokemonDemo" */;
			compatibilityVersion = "Xcode 9.3";
			developmentRegion = en;
			hasScannedForEncodings = 0;
			knownRegions = (
				en,
				Base,
			);
			mainGroup = 2758A9BA29DD6E2E0022DCD7;
			productRefGroup = 2758A9C429DD6E2E0022DCD7 /* Products */;
			projectDirPath = "";
			projectRoot = "";
			targets = (
				2758A9C229DD6E2E0022DCD7 /* PokemonDemo */,
			);
		};
/* End PBXProject section */

/* Begin PBXResourcesBuildPhase section */
		2758A9C129DD6E2E0022DCD7 /* Resources */ = {
			isa = PBXResourcesBuildPhase;
			buildActionMask = 2147483647;
			files = (
				2758A9D329DD6E2F0022DCD7 /* LaunchScreen.storyboard in Resources */,
				2758A9D029DD6E2F0022DCD7 /* Assets.xcassets in Resources */,
				2758A9CE29DD6E2E0022DCD7 /* Main.storyboard in Resources */,
			);
			runOnlyForDeploymentPostprocessing = 0;
		};
/* End PBXResourcesBuildPhase section */

/* Begin PBXSourcesBuildPhase section */
		2758A9BF29DD6E2E0022DCD7 /* Sources */ = {
			isa = PBXSourcesBuildPhase;
			buildActionMask = 2147483647;
			files = (
				2758A9CB29DD6E2E0022DCD7 /* ViewController.swift in Sources */,
				2758A9DD29DD71500022DCD7 /* Pokemon.swift in Sources */,
				2758A9C729DD6E2E0022DCD7 /* AppDelegate.swift in Sources */,
				2758A9C929DD6E2E0022DCD7 /* SceneDelegate.swift in Sources */,
				2758A9E029DD722C0022DCD7 /* results.swift in Sources */,
			);
			runOnlyForDeploymentPostprocessing = 0;
		};
/* End PBXSourcesBuildPhase section */

/* Begin PBXVariantGroup section */
		2758A9CC29DD6E2E0022DCD7 /* Main.storyboard */ = {
			isa = PBXVariantGroup;
			children = (
				2758A9CD29DD6E2E0022DCD7 /* Base */,
			);
			name = Main.storyboard;
			sourceTree = "<group>";
		};
		2758A9D129DD6E2F0022DCD7 /* LaunchScreen.storyboard */ = {
			isa = PBXVariantGroup;
			children = (
				2758A9D229DD6E2F0022DCD7 /* Base */,
			);
			name = LaunchScreen.storyboard;
			sourceTree = "<group>";
		};
/* End PBXVariantGroup section */

/* Begin XCBuildConfiguration section */
		2758A9D529DD6E2F0022DCD7 /* Debug */ = {
			isa = XCBuildConfiguration;
			buildSettings = {
				ALWAYS_SEARCH_USER_PATHS = NO;
				CLANG_ANALYZER_NONNULL = YES;
				CLANG_ANALYZER_NUMBER_OBJECT_CONVERSION = YES_AGGRESSIVE;
				CLANG_CXX_LANGUAGE_STANDARD = "gnu++14";
				CLANG_CXX_LIBRARY = "libc++";
				CLANG_ENABLE_MODULES = YES;
				CLANG_ENABLE_OBJC_ARC = YES;
				CLANG_ENABLE_OBJC_WEAK = YES;
				CLANG_WARN_BLOCK_CAPTURE_AUTORELEASING = YES;
				CLANG_WARN_BOOL_CONVERSION = YES;
				CLANG_WARN_COMMA = YES;
				CLANG_WARN_CONSTANT_CONVERSION = YES;
				CLANG_WARN_DEPRECATED_OBJC_IMPLEMENTATIONS = YES;
				CLANG_WARN_DIRECT_OBJC_ISA_USAGE = YES_ERROR;
				CLANG_WARN_DOCUMENTATION_COMMENTS = YES;
				CLANG_WARN_EMPTY_BODY = YES;
				CLANG_WARN_ENUM_CONVERSION = YES;
				CLANG_WARN_INFINITE_RECURSION = YES;
				CLANG_WARN_INT_CONVERSION = YES;
				CLANG_WARN_NON_LITERAL_NULL_CONVERSION = YES;
				CLANG_WARN_OBJC_IMPLICIT_RETAIN_SELF = YES;
				CLANG_WARN_OBJC_LITERAL_CONVERSION = YES;
				CLANG_WARN_OBJC_ROOT_CLASS = YES_ERROR;
				CLANG_WARN_QUOTED_INCLUDE_IN_FRAMEWORK_HEADER = YES;
				CLANG_WARN_RANGE_LOOP_ANALYSIS = YES;
				CLANG_WARN_STRICT_PROTOTYPES = YES;
				CLANG_WARN_SUSPICIOUS_MOVE = YES;
				CLANG_WARN_UNGUARDED_AVAILABILITY = YES_AGGRESSIVE;
				CLANG_WARN_UNREACHABLE_CODE = YES;
				CLANG_WARN__DUPLICATE_METHOD_MATCH = YES;
				COPY_PHASE_STRIP = NO;
				DEBUG_INFORMATION_FORMAT = dwarf;
				ENABLE_STRICT_OBJC_MSGSEND = YES;
				ENABLE_TESTABILITY = YES;
				GCC_C_LANGUAGE_STANDARD = gnu11;
				GCC_DYNAMIC_NO_PIC = NO;
				GCC_NO_COMMON_BLOCKS = YES;
				GCC_OPTIMIZATION_LEVEL = 0;
				GCC_PREPROCESSOR_DEFINITIONS = (
					"DEBUG=1",
					"$(inherited)",
				);
				GCC_WARN_64_TO_32_BIT_CONVERSION = YES;
				GCC_WARN_ABOUT_RETURN_TYPE = YES_ERROR;
				GCC_WARN_UNDECLARED_SELECTOR = YES;
				GCC_WARN_UNINITIALIZED_AUTOS = YES_AGGRESSIVE;
				GCC_WARN_UNUSED_FUNCTION = YES;
				GCC_WARN_UNUSED_VARIABLE = YES;
				IPHONEOS_DEPLOYMENT_TARGET = 14.4;
				MTL_ENABLE_DEBUG_INFO = INCLUDE_SOURCE;
				MTL_FAST_MATH = YES;
				ONLY_ACTIVE_ARCH = YES;
				SDKROOT = iphoneos;
				SWIFT_ACTIVE_COMPILATION_CONDITIONS = DEBUG;
				SWIFT_OPTIMIZATION_LEVEL = "-Onone";
			};
			name = Debug;
		};
		2758A9D629DD6E2F0022DCD7 /* Release */ = {
			isa = XCBuildConfiguration;
			buildSettings = {
				ALWAYS_SEARCH_USER_PATHS = NO;
				CLANG_ANALYZER_NONNULL = YES;
				CLANG_ANALYZER_NUMBER_OBJECT_CONVERSION = YES_AGGRESSIVE;
				CLANG_CXX_LANGUAGE_STANDARD = "gnu++14";
				CLANG_CXX_LIBRARY = "libc++";
				CLANG_ENABLE_MODULES = YES;
				CLANG_ENABLE_OBJC_ARC = YES;
				CLANG_ENABLE_OBJC_WEAK = YES;
				CLANG_WARN_BLOCK_CAPTURE_AUTORELEASING = YES;
				CLANG_WARN_BOOL_CONVERSION = YES;
				CLANG_WARN_COMMA = YES;
				CLANG_WARN_CONSTANT_CONVERSION = YES;
				CLANG_WARN_DEPRECATED_OBJC_IMPLEMENTATIONS = YES;
				CLANG_WARN_DIRECT_OBJC_ISA_USAGE = YES_ERROR;
				CLANG_WARN_DOCUMENTATION_COMMENTS = YES;
				CLANG_WARN_EMPTY_BODY = YES;
				CLANG_WARN_ENUM_CONVERSION = YES;
				CLANG_WARN_INFINITE_RECURSION = YES;
				CLANG_WARN_INT_CONVERSION = YES;
				CLANG_WARN_NON_LITERAL_NULL_CONVERSION = YES;
				CLANG_WARN_OBJC_IMPLICIT_RETAIN_SELF = YES;
				CLANG_WARN_OBJC_LITERAL_CONVERSION = YES;
				CLANG_WARN_OBJC_ROOT_CLASS = YES_ERROR;
				CLANG_WARN_QUOTED_INCLUDE_IN_FRAMEWORK_HEADER = YES;
				CLANG_WARN_RANGE_LOOP_ANALYSIS = YES;
				CLANG_WARN_STRICT_PROTOTYPES = YES;
				CLANG_WARN_SUSPICIOUS_MOVE = YES;
				CLANG_WARN_UNGUARDED_AVAILABILITY = YES_AGGRESSIVE;
				CLANG_WARN_UNREACHABLE_CODE = YES;
				CLANG_WARN__DUPLICATE_METHOD_MATCH = YES;
				COPY_PHASE_STRIP = NO;
				DEBUG_INFORMATION_FORMAT = "dwarf-with-dsym";
				ENABLE_NS_ASSERTIONS = NO;
				ENABLE_STRICT_OBJC_MSGSEND = YES;
				GCC_C_LANGUAGE_STANDARD = gnu11;
				GCC_NO_COMMON_BLOCKS = YES;
				GCC_WARN_64_TO_32_BIT_CONVERSION = YES;
				GCC_WARN_ABOUT_RETURN_TYPE = YES_ERROR;
				GCC_WARN_UNDECLARED_SELECTOR = YES;
				GCC_WARN_UNINITIALIZED_AUTOS = YES_AGGRESSIVE;
				GCC_WARN_UNUSED_FUNCTION = YES;
				GCC_WARN_UNUSED_VARIABLE = YES;
				IPHONEOS_DEPLOYMENT_TARGET = 14.4;
				MTL_ENABLE_DEBUG_INFO = NO;
				MTL_FAST_MATH = YES;
				SDKROOT = iphoneos;
				SWIFT_COMPILATION_MODE = wholemodule;
				SWIFT_OPTIMIZATION_LEVEL = "-O";
				VALIDATE_PRODUCT = YES;
			};
			name = Release;
		};
		2758A9D829DD6E2F0022DCD7 /* Debug */ = {
			isa = XCBuildConfiguration;
			buildSettings = {
				ASSETCATALOG_COMPILER_APPICON_NAME = AppIcon;
				ASSETCATALOG_COMPILER_GLOBAL_ACCENT_COLOR_NAME = AccentColor;
				CODE_SIGN_STYLE = Automatic;
				INFOPLIST_FILE = PokemonDemo/Info.plist;
				LD_RUNPATH_SEARCH_PATHS = (
					"$(inherited)",
					"@executable_path/Frameworks",
				);
				PRODUCT_BUNDLE_IDENTIFIER = com.anan.PokemonDemo;
				PRODUCT_NAME = "$(TARGET_NAME)";
				SWIFT_VERSION = 5.0;
				TARGETED_DEVICE_FAMILY = "1,2";
			};
			name = Debug;
		};
		2758A9D929DD6E2F0022DCD7 /* Release */ = {
			isa = XCBuildConfiguration;
			buildSettings = {
				ASSETCATALOG_COMPILER_APPICON_NAME = AppIcon;
				ASSETCATALOG_COMPILER_GLOBAL_ACCENT_COLOR_NAME = AccentColor;
				CODE_SIGN_STYLE = Automatic;
				INFOPLIST_FILE = PokemonDemo/Info.plist;
				LD_RUNPATH_SEARCH_PATHS = (
					"$(inherited)",
					"@executable_path/Frameworks",
				);
				PRODUCT_BUNDLE_IDENTIFIER = com.anan.PokemonDemo;
				PRODUCT_NAME = "$(TARGET_NAME)";
				SWIFT_VERSION = 5.0;
				TARGETED_DEVICE_FAMILY = "1,2";
			};
			name = Release;
		};
/* End XCBuildConfiguration section */

/* Begin XCConfigurationList section */
		2758A9BE29DD6E2E0022DCD7 /* Build configuration list for PBXProject "PokemonDemo" */ = {
			isa = XCConfigurationList;
			buildConfigurations = (
				2758A9D529DD6E2F0022DCD7 /* Debug */,
				2758A9D629DD6E2F0022DCD7 /* Release */,
			);
			defaultConfigurationIsVisible = 0;
			defaultConfigurationName = Release;
		};
		2758A9D729DD6E2F0022DCD7 /* Build configuration list for PBXNativeTarget "PokemonDemo" */ = {
			isa = XCConfigurationList;
			buildConfigurations = (
				2758A9D829DD6E2F0022DCD7 /* Debug */,
				2758A9D929DD6E2F0022DCD7 /* Release */,
			);
			defaultConfigurationIsVisible = 0;
			defaultConfigurationName = Release;
		};
/* End XCConfigurationList section */
	};
	rootObject = 2758A9BB29DD6E2E0022DCD7 /* Project object */;
}
